
Microsoft Visual Studio Solution File, Format Version 12.00
# Visual Studio Version 16
VisualStudioVersion = 16.0.30406.217
MinimumVisualStudioVersion = 10.0.40219.1
Project("{9A19103F-16F7-4668-BE54-9A1E7A4F7556}") = "RaceApp", "RaceApp.csproj", "{D7CDCF81-85C7-4DD0-A85C-E6BD92E9E076}"
EndProject
Project("{FAE04EC0-301F-11D3-BF4B-00C04F79EFBC}") = "RaceApp.Test", "..\RaceApp.Test\RaceApp.Test.csproj", "{8922EBA8-CE0D-4606-B901-A2DD4F1904B0}"
EndProject
Global
	GlobalSection(SolutionConfigurationPlatforms) = preSolution
		Debug|Any CPU = Debug|Any CPU
		Release|Any CPU = Release|Any CPU
	EndGlobalSection
	GlobalSection(ProjectConfigurationPlatforms) = postSolution
		{D7CDCF81-85C7-4DD0-A85C-E6BD92E9E076}.Debug|Any CPU.ActiveCfg = Debug|Any CPU
		{D7CDCF81-85C7-4DD0-A85C-E6BD92E9E076}.Debug|Any CPU.Build.0 = Debug|Any CPU
		{D7CDCF81-85C7-4DD0-A85C-E6BD92E9E076}.Release|Any CPU.ActiveCfg = Release|Any CPU
		{D7CDCF81-85C7-4DD0-A85C-E6BD92E9E076}.Release|Any CPU.Build.0 = Release|Any CPU
		{8922EBA8-CE0D-4606-B901-A2DD4F1904B0}.Debug|Any CPU.ActiveCfg = Debug|Any CPU
		{8922EBA8-CE0D-4606-B901-A2DD4F1904B0}.Debug|Any CPU.Build.0 = Debug|Any CPU
		{8922EBA8-CE0D-4606-B901-A2DD4F1904B0}.Release|Any CPU.ActiveCfg = Release|Any CPU
		{8922EBA8-CE0D-4606-B901-A2DD4F1904B0}.Release|Any CPU.Build.0 = Release|Any CPU
	EndGlobalSection
	GlobalSection(SolutionProperties) = preSolution
		HideSolutionNode = FALSE
	EndGlobalSection
	GlobalSection(ExtensibilityGlobals) = postSolution
		SolutionGuid = {03C38AE8-9AA3-4480-8B38-9DFD841630CE}
	EndGlobalSection
EndGlobal
